
Microsoft Visual Studio Solution File, Format Version 12.00
# Visual Studio 15
VisualStudioVersion = 15.0.27703.2000
MinimumVisualStudioVersion = 10.0.40219.1
Project("{FAE04EC0-301F-11D3-BF4B-00C04F79EFBC}") = "dnkLog4netHtmlReport", "dnkLog4netHtmlReport\dnkLog4netHtmlReport.csproj", "{E55F8BAD-8960-490E-AB0B-F2610A5A514B}"
EndProject
Project("{FAE04EC0-301F-11D3-BF4B-00C04F79EFBC}") = "dnkLog4netHtmlReport.Test", "dnkLog4netHtmlReport.Test\dnkLog4netHtmlReport.Test.csproj", "{53943992-DAEE-42CF-804B-B79DD3E93C67}"
EndProject
Project("{2150E333-8FDC-42A3-9474-1A3956D46DE8}") = "Solution Items", "Solution Items", "{D8D4DA8F-9932-41BB-A0DB-A5496978FDC2}"
EndProject
Project("{FAE04EC0-301F-11D3-BF4B-00C04F79EFBC}") = "dnkLog4netHtmlReport.SeleniumWebDriver", "dnkLog4netHtmlReport.SeleniumWebDriver\dnkLog4netHtmlReport.SeleniumWebDriver.csproj", "{C6261872-96FD-41B7-A897-BE4F2D0F713F}"
EndProject
Project("{2150E333-8FDC-42A3-9474-1A3956D46DE8}") = "Content", "Content", "{7E94573E-90EB-477F-8260-2F10E1BBCF7B}"
	ProjectSection(SolutionItems) = preProject
		Tools\Content\GlobalTestSetup.cs.pp = Tools\Content\GlobalTestSetup.cs.pp
		Tools\Content\Install.ps1 = Tools\Content\Install.ps1
		Tools\Content\log4net.config = Tools\Content\log4net.config
	EndProjectSection
EndProject
Global
	GlobalSection(SolutionConfigurationPlatforms) = preSolution
		Debug|Any CPU = Debug|Any CPU
		Release|Any CPU = Release|Any CPU
	EndGlobalSection
	GlobalSection(ProjectConfigurationPlatforms) = postSolution
		{E55F8BAD-8960-490E-AB0B-F2610A5A514B}.Debug|Any CPU.ActiveCfg = Debug|Any CPU
		{E55F8BAD-8960-490E-AB0B-F2610A5A514B}.Debug|Any CPU.Build.0 = Debug|Any CPU
		{E55F8BAD-8960-490E-AB0B-F2610A5A514B}.Release|Any CPU.ActiveCfg = Release|Any CPU
		{E55F8BAD-8960-490E-AB0B-F2610A5A514B}.Release|Any CPU.Build.0 = Release|Any CPU
		{53943992-DAEE-42CF-804B-B79DD3E93C67}.Debug|Any CPU.ActiveCfg = Debug|Any CPU
		{53943992-DAEE-42CF-804B-B79DD3E93C67}.Debug|Any CPU.Build.0 = Debug|Any CPU
		{53943992-DAEE-42CF-804B-B79DD3E93C67}.Release|Any CPU.ActiveCfg = Release|Any CPU
		{53943992-DAEE-42CF-804B-B79DD3E93C67}.Release|Any CPU.Build.0 = Release|Any CPU
		{C6261872-96FD-41B7-A897-BE4F2D0F713F}.Debug|Any CPU.ActiveCfg = Debug|Any CPU
		{C6261872-96FD-41B7-A897-BE4F2D0F713F}.Debug|Any CPU.Build.0 = Debug|Any CPU
		{C6261872-96FD-41B7-A897-BE4F2D0F713F}.Release|Any CPU.ActiveCfg = Release|Any CPU
		{C6261872-96FD-41B7-A897-BE4F2D0F713F}.Release|Any CPU.Build.0 = Release|Any CPU
	EndGlobalSection
	GlobalSection(SolutionProperties) = preSolution
		HideSolutionNode = FALSE
	EndGlobalSection
	GlobalSection(NestedProjects) = preSolution
		{7E94573E-90EB-477F-8260-2F10E1BBCF7B} = {D8D4DA8F-9932-41BB-A0DB-A5496978FDC2}
	EndGlobalSection
	GlobalSection(ExtensibilityGlobals) = postSolution
		SolutionGuid = {0BE3CCBC-D7D8-422A-902A-94F6AE729DA6}
	EndGlobalSection
EndGlobal
